{
    "name": "dmsl",
    "version": "1.0.0",
    "lockfileVersion": 3,
    "requires": true,
    "packages": {
        "": {
            "name": "dmsl",
            "version": "1.0.0",
            "license": "MIT",
            "dependencies": {
                "dmsl": "file:"
            },
            "bin": {
                "your-command": "index.js"
            }
        },
        "node_modules/dmsl": {
            "resolved": "",
            "link": true
        }
    }
}
